
Microsoft Visual Studio Solution File, Format Version 12.00
# Visual Studio Version 17
VisualStudioVersion = 17.7.34031.279
MinimumVisualStudioVersion = 10.0.40219.1
Project("{FAE04EC0-301F-11D3-BF4B-00C04F79EFBC}") = "WindowsFormsAplicacion", "WindowsFormsAplicacion\WindowsFormsAplicacion.csproj", "{C0612C06-3D4D-4C59-8C9C-FC5A4C7B534A}"
EndProject
Project("{9092AA53-FB77-4645-B42D-1CCCA6BD08BD}") = "ExpressApp", "ExpressApp\ExpressApp.njsproj", "{39F36009-A66D-4971-BF64-188B207597E1}"
EndProject
Global
	GlobalSection(SolutionConfigurationPlatforms) = preSolution
		Debug|Any CPU = Debug|Any CPU
		Release|Any CPU = Release|Any CPU
	EndGlobalSection
	GlobalSection(ProjectConfigurationPlatforms) = postSolution
		{C0612C06-3D4D-4C59-8C9C-FC5A4C7B534A}.Debug|Any CPU.ActiveCfg = Debug|Any CPU
		{C0612C06-3D4D-4C59-8C9C-FC5A4C7B534A}.Debug|Any CPU.Build.0 = Debug|Any CPU
		{C0612C06-3D4D-4C59-8C9C-FC5A4C7B534A}.Release|Any CPU.ActiveCfg = Release|Any CPU
		{C0612C06-3D4D-4C59-8C9C-FC5A4C7B534A}.Release|Any CPU.Build.0 = Release|Any CPU
		{39F36009-A66D-4971-BF64-188B207597E1}.Debug|Any CPU.ActiveCfg = Debug|Any CPU
		{39F36009-A66D-4971-BF64-188B207597E1}.Debug|Any CPU.Build.0 = Debug|Any CPU
		{39F36009-A66D-4971-BF64-188B207597E1}.Release|Any CPU.ActiveCfg = Release|Any CPU
		{39F36009-A66D-4971-BF64-188B207597E1}.Release|Any CPU.Build.0 = Release|Any CPU
	EndGlobalSection
	GlobalSection(SolutionProperties) = preSolution
		HideSolutionNode = FALSE
	EndGlobalSection
	GlobalSection(ExtensibilityGlobals) = postSolution
		SolutionGuid = {EED6B599-C0EF-4E1C-B9D0-002D1C2A662C}
	EndGlobalSection
EndGlobal
